github.com/Matej-Chmel/go-generic-stack v1.0.3 h1:AlpGSyUvbjxRmuVWFh8S7RZzoQiTJo2U6CMW2xDvAnc=
github.com/Matej-Chmel/go-generic-stack v1.0.3/go.mod h1:bhv6WeqwCoR3lpWBatqph/PtZbfhDQdDpHslit0S7ec=
github.com/Matej-Chmel/go-generic-stack v1.0.4 h1:HIMxTAQe+tg+AszpYTltx0L/mPAReQTbRZrxnRaNSUE=
github.com/Matej-Chmel/go-generic-stack v1.0.4/go.mod h1:bhv6WeqwCoR3lpWBatqph/PtZbfhDQdDpHslit0S7ec=
github.com/Matej-Chmel/go-generic-stack v1.0.5 h1:cif36YgdJznSUYQeRjIlQ/7BysCVvONenEEqsfjo4T8=
github.com/Matej-Chmel/go-generic-stack v1.0.5/go.mod h1:bhv6WeqwCoR3lpWBatqph/PtZbfhDQdDpHslit0S7ec=
